
Microsoft Visual Studio Solution File, Format Version 12.00
# Blend for Visual Studio Version 17
VisualStudioVersion = 17.6.33815.320
MinimumVisualStudioVersion = 10.0.40219.1
Project("{9A19103F-16F7-4668-BE54-9A1E7A4F7556}") = "craftersmine.Ui.League", "craftersmine.Ui.League\craftersmine.Ui.League.csproj", "{4B5CC026-29FC-4382-A0DD-6421CB0CF17A}"
EndProject
Project("{FAE04EC0-301F-11D3-BF4B-00C04F79EFBC}") = "craftersmine.Ui.League.TestApp", "craftersmine.Ui.League.TestApp\craftersmine.Ui.League.TestApp.csproj", "{F1A8BD01-4CC5-44F6-AB6B-FD78C55C9F22}"
EndProject
Global
	GlobalSection(SolutionConfigurationPlatforms) = preSolution
		Debug|Any CPU = Debug|Any CPU
		Release|Any CPU = Release|Any CPU
	EndGlobalSection
	GlobalSection(ProjectConfigurationPlatforms) = postSolution
		{4B5CC026-29FC-4382-A0DD-6421CB0CF17A}.Debug|Any CPU.ActiveCfg = Debug|Any CPU
		{4B5CC026-29FC-4382-A0DD-6421CB0CF17A}.Debug|Any CPU.Build.0 = Debug|Any CPU
		{4B5CC026-29FC-4382-A0DD-6421CB0CF17A}.Release|Any CPU.ActiveCfg = Release|Any CPU
		{4B5CC026-29FC-4382-A0DD-6421CB0CF17A}.Release|Any CPU.Build.0 = Release|Any CPU
		{F1A8BD01-4CC5-44F6-AB6B-FD78C55C9F22}.Debug|Any CPU.ActiveCfg = Debug|Any CPU
		{F1A8BD01-4CC5-44F6-AB6B-FD78C55C9F22}.Debug|Any CPU.Build.0 = Debug|Any CPU
		{F1A8BD01-4CC5-44F6-AB6B-FD78C55C9F22}.Release|Any CPU.ActiveCfg = Release|Any CPU
		{F1A8BD01-4CC5-44F6-AB6B-FD78C55C9F22}.Release|Any CPU.Build.0 = Release|Any CPU
	EndGlobalSection
	GlobalSection(SolutionProperties) = preSolution
		HideSolutionNode = FALSE
	EndGlobalSection
	GlobalSection(ExtensibilityGlobals) = postSolution
		SolutionGuid = {F460D838-6110-47D3-A291-9C415ABB690D}
	EndGlobalSection
EndGlobal
